
Microsoft Visual Studio Solution File, Format Version 12.00
# Visual Studio 15
VisualStudioVersion = 15.0.26228.9
MinimumVisualStudioVersion = 10.0.40219.1
Project("{2150E333-8FDC-42A3-9474-1A3956D46DE8}") = "OAuth2", "OAuth2", "{A9E23E70-3012-4E72-92FD-6220BBB84826}"
EndProject
Project("{FAE04EC0-301F-11D3-BF4B-00C04F79EFBC}") = "OAuthAuthorizationServer", "OAuthAuthorizationServer\OAuthAuthorizationServer.csproj", "{0844034E-63AD-4501-AB88-E2525B68DE68}"
EndProject
Project("{FAE04EC0-301F-11D3-BF4B-00C04F79EFBC}") = "Cben.Core", "CocoBen.Core\Cben.Core.csproj", "{B0BEBC6E-CDC1-4757-842E-E1E8D6C34A04}"
EndProject
Project("{FAE04EC0-301F-11D3-BF4B-00C04F79EFBC}") = "Cben.WebApi", "CocoBen.WebApi\Cben.WebApi.csproj", "{A3597E5A-7C7B-4DCE-8A75-D8F0DEC434D8}"
EndProject
Project("{FAE04EC0-301F-11D3-BF4B-00C04F79EFBC}") = "Cben.WebApi.Tests", "CocoBen.WebApi.Tests\Cben.WebApi.Tests.csproj", "{C7193B84-931A-462C-8B75-62C7CC1A9CE7}"
EndProject
Project("{FAE04EC0-301F-11D3-BF4B-00C04F79EFBC}") = "OAuthClientDemo", "WebApplication1\OAuthClientDemo.csproj", "{61319D23-9964-4DAC-B711-1488390DB7E8}"
EndProject
Project("{FAE04EC0-301F-11D3-BF4B-00C04F79EFBC}") = "Cben", "CocoBen\Cben.csproj", "{D73FA2E0-0305-46E0-A59C-1B7A7CBD69DC}"
EndProject
Global
	GlobalSection(SolutionConfigurationPlatforms) = preSolution
		Debug|Any CPU = Debug|Any CPU
		Release|Any CPU = Release|Any CPU
	EndGlobalSection
	GlobalSection(ProjectConfigurationPlatforms) = postSolution
		{0844034E-63AD-4501-AB88-E2525B68DE68}.Debug|Any CPU.ActiveCfg = Debug|Any CPU
		{0844034E-63AD-4501-AB88-E2525B68DE68}.Debug|Any CPU.Build.0 = Debug|Any CPU
		{0844034E-63AD-4501-AB88-E2525B68DE68}.Release|Any CPU.ActiveCfg = Release|Any CPU
		{0844034E-63AD-4501-AB88-E2525B68DE68}.Release|Any CPU.Build.0 = Release|Any CPU
		{B0BEBC6E-CDC1-4757-842E-E1E8D6C34A04}.Debug|Any CPU.ActiveCfg = Debug|Any CPU
		{B0BEBC6E-CDC1-4757-842E-E1E8D6C34A04}.Debug|Any CPU.Build.0 = Debug|Any CPU
		{B0BEBC6E-CDC1-4757-842E-E1E8D6C34A04}.Release|Any CPU.ActiveCfg = Release|Any CPU
		{B0BEBC6E-CDC1-4757-842E-E1E8D6C34A04}.Release|Any CPU.Build.0 = Release|Any CPU
		{A3597E5A-7C7B-4DCE-8A75-D8F0DEC434D8}.Debug|Any CPU.ActiveCfg = Debug|Any CPU
		{A3597E5A-7C7B-4DCE-8A75-D8F0DEC434D8}.Debug|Any CPU.Build.0 = Debug|Any CPU
		{A3597E5A-7C7B-4DCE-8A75-D8F0DEC434D8}.Release|Any CPU.ActiveCfg = Release|Any CPU
		{A3597E5A-7C7B-4DCE-8A75-D8F0DEC434D8}.Release|Any CPU.Build.0 = Release|Any CPU
		{C7193B84-931A-462C-8B75-62C7CC1A9CE7}.Debug|Any CPU.ActiveCfg = Debug|Any CPU
		{C7193B84-931A-462C-8B75-62C7CC1A9CE7}.Debug|Any CPU.Build.0 = Debug|Any CPU
		{C7193B84-931A-462C-8B75-62C7CC1A9CE7}.Release|Any CPU.ActiveCfg = Release|Any CPU
		{C7193B84-931A-462C-8B75-62C7CC1A9CE7}.Release|Any CPU.Build.0 = Release|Any CPU
		{61319D23-9964-4DAC-B711-1488390DB7E8}.Debug|Any CPU.ActiveCfg = Debug|Any CPU
		{61319D23-9964-4DAC-B711-1488390DB7E8}.Debug|Any CPU.Build.0 = Debug|Any CPU
		{61319D23-9964-4DAC-B711-1488390DB7E8}.Release|Any CPU.ActiveCfg = Release|Any CPU
		{61319D23-9964-4DAC-B711-1488390DB7E8}.Release|Any CPU.Build.0 = Release|Any CPU
		{D73FA2E0-0305-46E0-A59C-1B7A7CBD69DC}.Debug|Any CPU.ActiveCfg = Debug|Any CPU
		{D73FA2E0-0305-46E0-A59C-1B7A7CBD69DC}.Debug|Any CPU.Build.0 = Debug|Any CPU
		{D73FA2E0-0305-46E0-A59C-1B7A7CBD69DC}.Release|Any CPU.ActiveCfg = Release|Any CPU
		{D73FA2E0-0305-46E0-A59C-1B7A7CBD69DC}.Release|Any CPU.Build.0 = Release|Any CPU
	EndGlobalSection
	GlobalSection(SolutionProperties) = preSolution
		HideSolutionNode = FALSE
	EndGlobalSection
	GlobalSection(NestedProjects) = preSolution
		{0844034E-63AD-4501-AB88-E2525B68DE68} = {A9E23E70-3012-4E72-92FD-6220BBB84826}
		{61319D23-9964-4DAC-B711-1488390DB7E8} = {A9E23E70-3012-4E72-92FD-6220BBB84826}
	EndGlobalSection
EndGlobal
