
Microsoft Visual Studio Solution File, Format Version 12.00
# Visual Studio 15
VisualStudioVersion = 15.0.26228.9
MinimumVisualStudioVersion = 10.0.40219.1
Project("{2150E333-8FDC-42A3-9474-1A3956D46DE8}") = "OAuth2", "OAuth2", "{A9E23E70-3012-4E72-92FD-6220BBB84826}"
EndProject
Project("{FAE04EC0-301F-11D3-BF4B-00C04F79EFBC}") = "Cben.Core", "src\Cben.Core\Cben.Core.csproj", "{B0BEBC6E-CDC1-4757-842E-E1E8D6C34A04}"
EndProject
Project("{FAE04EC0-301F-11D3-BF4B-00C04F79EFBC}") = "Cben.WebApi", "src\Cben.WebApi\Cben.WebApi.csproj", "{A3597E5A-7C7B-4DCE-8A75-D8F0DEC434D8}"
EndProject
Project("{FAE04EC0-301F-11D3-BF4B-00C04F79EFBC}") = "Cben.WebApi.Tests", "test\Cben.WebApi.Tests\Cben.WebApi.Tests.csproj", "{C7193B84-931A-462C-8B75-62C7CC1A9CE7}"
EndProject
Project("{FAE04EC0-301F-11D3-BF4B-00C04F79EFBC}") = "OAuthClientDemo", "test\WebApplication1\OAuthClientDemo.csproj", "{61319D23-9964-4DAC-B711-1488390DB7E8}"
EndProject
Project("{FAE04EC0-301F-11D3-BF4B-00C04F79EFBC}") = "Cben", "src\Cben\Cben.csproj", "{D73FA2E0-0305-46E0-A59C-1B7A7CBD69DC}"
EndProject
Project("{FAE04EC0-301F-11D3-BF4B-00C04F79EFBC}") = "Cben.Zero", "src\Cben.Zero\Cben.Zero.csproj", "{2C568897-2A57-4BD6-8ECE-EDB39CEAED70}"
EndProject
Project("{FAE04EC0-301F-11D3-BF4B-00C04F79EFBC}") = "Cben.EntityFramework", "src\Cben.EntityFramework\Cben.EntityFramework.csproj", "{199CB870-3644-461F-80D5-2FD6EED93111}"
EndProject
Project("{2150E333-8FDC-42A3-9474-1A3956D46DE8}") = "src", "src", "{FE4D1BD5-BA7E-4D37-B516-B3B67CF498D8}"
EndProject
Project("{2150E333-8FDC-42A3-9474-1A3956D46DE8}") = "test", "test", "{CF38776D-08C0-463C-A380-55E2F257A1E0}"
EndProject
Project("{FAE04EC0-301F-11D3-BF4B-00C04F79EFBC}") = "Cben.EntityFramework.Tests", "test\Cben.EntityFramework.Tests\Cben.EntityFramework.Tests.csproj", "{19310D56-F06B-4E25-BF63-D085C8F7A3BA}"
EndProject
Project("{FAE04EC0-301F-11D3-BF4B-00C04F79EFBC}") = "Cben.Zero.EntityFramework", "src\Cben.Zero.EntityFramework\Cben.Zero.EntityFramework.csproj", "{D1672611-638E-42CD-B8E2-67A4FCCDB194}"
EndProject
Project("{2150E333-8FDC-42A3-9474-1A3956D46DE8}") = "base", "base", "{845065A6-6530-4C97-A325-0EB4777E33A9}"
EndProject
Project("{FAE04EC0-301F-11D3-BF4B-00C04F79EFBC}") = "Cben.Core.EntityFramework", "src\Cben.Core.EntityFramework\Cben.Core.EntityFramework.csproj", "{1541D33D-B53D-4C52-A2A0-6299DE32350B}"
EndProject
Global
	GlobalSection(SolutionConfigurationPlatforms) = preSolution
		Debug|Any CPU = Debug|Any CPU
		Release|Any CPU = Release|Any CPU
	EndGlobalSection
	GlobalSection(ProjectConfigurationPlatforms) = postSolution
		{B0BEBC6E-CDC1-4757-842E-E1E8D6C34A04}.Debug|Any CPU.ActiveCfg = Debug|Any CPU
		{B0BEBC6E-CDC1-4757-842E-E1E8D6C34A04}.Debug|Any CPU.Build.0 = Debug|Any CPU
		{B0BEBC6E-CDC1-4757-842E-E1E8D6C34A04}.Release|Any CPU.ActiveCfg = Release|Any CPU
		{B0BEBC6E-CDC1-4757-842E-E1E8D6C34A04}.Release|Any CPU.Build.0 = Release|Any CPU
		{A3597E5A-7C7B-4DCE-8A75-D8F0DEC434D8}.Debug|Any CPU.ActiveCfg = Debug|Any CPU
		{A3597E5A-7C7B-4DCE-8A75-D8F0DEC434D8}.Debug|Any CPU.Build.0 = Debug|Any CPU
		{A3597E5A-7C7B-4DCE-8A75-D8F0DEC434D8}.Release|Any CPU.ActiveCfg = Release|Any CPU
		{A3597E5A-7C7B-4DCE-8A75-D8F0DEC434D8}.Release|Any CPU.Build.0 = Release|Any CPU
		{C7193B84-931A-462C-8B75-62C7CC1A9CE7}.Debug|Any CPU.ActiveCfg = Debug|Any CPU
		{C7193B84-931A-462C-8B75-62C7CC1A9CE7}.Debug|Any CPU.Build.0 = Debug|Any CPU
		{C7193B84-931A-462C-8B75-62C7CC1A9CE7}.Release|Any CPU.ActiveCfg = Release|Any CPU
		{C7193B84-931A-462C-8B75-62C7CC1A9CE7}.Release|Any CPU.Build.0 = Release|Any CPU
		{61319D23-9964-4DAC-B711-1488390DB7E8}.Debug|Any CPU.ActiveCfg = Debug|Any CPU
		{61319D23-9964-4DAC-B711-1488390DB7E8}.Debug|Any CPU.Build.0 = Debug|Any CPU
		{61319D23-9964-4DAC-B711-1488390DB7E8}.Release|Any CPU.ActiveCfg = Release|Any CPU
		{61319D23-9964-4DAC-B711-1488390DB7E8}.Release|Any CPU.Build.0 = Release|Any CPU
		{D73FA2E0-0305-46E0-A59C-1B7A7CBD69DC}.Debug|Any CPU.ActiveCfg = Debug|Any CPU
		{D73FA2E0-0305-46E0-A59C-1B7A7CBD69DC}.Debug|Any CPU.Build.0 = Debug|Any CPU
		{D73FA2E0-0305-46E0-A59C-1B7A7CBD69DC}.Release|Any CPU.ActiveCfg = Release|Any CPU
		{D73FA2E0-0305-46E0-A59C-1B7A7CBD69DC}.Release|Any CPU.Build.0 = Release|Any CPU
		{2C568897-2A57-4BD6-8ECE-EDB39CEAED70}.Debug|Any CPU.ActiveCfg = Debug|Any CPU
		{2C568897-2A57-4BD6-8ECE-EDB39CEAED70}.Debug|Any CPU.Build.0 = Debug|Any CPU
		{2C568897-2A57-4BD6-8ECE-EDB39CEAED70}.Release|Any CPU.ActiveCfg = Release|Any CPU
		{2C568897-2A57-4BD6-8ECE-EDB39CEAED70}.Release|Any CPU.Build.0 = Release|Any CPU
		{199CB870-3644-461F-80D5-2FD6EED93111}.Debug|Any CPU.ActiveCfg = Debug|Any CPU
		{199CB870-3644-461F-80D5-2FD6EED93111}.Debug|Any CPU.Build.0 = Debug|Any CPU
		{199CB870-3644-461F-80D5-2FD6EED93111}.Release|Any CPU.ActiveCfg = Release|Any CPU
		{199CB870-3644-461F-80D5-2FD6EED93111}.Release|Any CPU.Build.0 = Release|Any CPU
		{19310D56-F06B-4E25-BF63-D085C8F7A3BA}.Debug|Any CPU.ActiveCfg = Debug|Any CPU
		{19310D56-F06B-4E25-BF63-D085C8F7A3BA}.Debug|Any CPU.Build.0 = Debug|Any CPU
		{19310D56-F06B-4E25-BF63-D085C8F7A3BA}.Release|Any CPU.ActiveCfg = Release|Any CPU
		{19310D56-F06B-4E25-BF63-D085C8F7A3BA}.Release|Any CPU.Build.0 = Release|Any CPU
		{D1672611-638E-42CD-B8E2-67A4FCCDB194}.Debug|Any CPU.ActiveCfg = Debug|Any CPU
		{D1672611-638E-42CD-B8E2-67A4FCCDB194}.Debug|Any CPU.Build.0 = Debug|Any CPU
		{D1672611-638E-42CD-B8E2-67A4FCCDB194}.Release|Any CPU.ActiveCfg = Release|Any CPU
		{D1672611-638E-42CD-B8E2-67A4FCCDB194}.Release|Any CPU.Build.0 = Release|Any CPU
		{1541D33D-B53D-4C52-A2A0-6299DE32350B}.Debug|Any CPU.ActiveCfg = Debug|Any CPU
		{1541D33D-B53D-4C52-A2A0-6299DE32350B}.Debug|Any CPU.Build.0 = Debug|Any CPU
		{1541D33D-B53D-4C52-A2A0-6299DE32350B}.Release|Any CPU.ActiveCfg = Release|Any CPU
		{1541D33D-B53D-4C52-A2A0-6299DE32350B}.Release|Any CPU.Build.0 = Release|Any CPU
	EndGlobalSection
	GlobalSection(SolutionProperties) = preSolution
		HideSolutionNode = FALSE
	EndGlobalSection
	GlobalSection(NestedProjects) = preSolution
		{A9E23E70-3012-4E72-92FD-6220BBB84826} = {CF38776D-08C0-463C-A380-55E2F257A1E0}
		{B0BEBC6E-CDC1-4757-842E-E1E8D6C34A04} = {FE4D1BD5-BA7E-4D37-B516-B3B67CF498D8}
		{A3597E5A-7C7B-4DCE-8A75-D8F0DEC434D8} = {FE4D1BD5-BA7E-4D37-B516-B3B67CF498D8}
		{C7193B84-931A-462C-8B75-62C7CC1A9CE7} = {CF38776D-08C0-463C-A380-55E2F257A1E0}
		{61319D23-9964-4DAC-B711-1488390DB7E8} = {A9E23E70-3012-4E72-92FD-6220BBB84826}
		{D73FA2E0-0305-46E0-A59C-1B7A7CBD69DC} = {845065A6-6530-4C97-A325-0EB4777E33A9}
		{2C568897-2A57-4BD6-8ECE-EDB39CEAED70} = {845065A6-6530-4C97-A325-0EB4777E33A9}
		{199CB870-3644-461F-80D5-2FD6EED93111} = {845065A6-6530-4C97-A325-0EB4777E33A9}
		{19310D56-F06B-4E25-BF63-D085C8F7A3BA} = {CF38776D-08C0-463C-A380-55E2F257A1E0}
		{D1672611-638E-42CD-B8E2-67A4FCCDB194} = {845065A6-6530-4C97-A325-0EB4777E33A9}
		{845065A6-6530-4C97-A325-0EB4777E33A9} = {FE4D1BD5-BA7E-4D37-B516-B3B67CF498D8}
		{1541D33D-B53D-4C52-A2A0-6299DE32350B} = {FE4D1BD5-BA7E-4D37-B516-B3B67CF498D8}
	EndGlobalSection
EndGlobal
